// !$*UTF8*$!
{
	archiveVersion = 1;
	classes = {
	};
	objectVersion = 46;
	objects = {

/* Begin PBXBuildFile section */
		F572D65517C9BB9700204D7E /* iPad.storyboard in Resources */ = {isa = PBXBuildFile; fileRef = F572D65417C9BB9700204D7E /* iPad.storyboard */; };
		F5BD198517C7B3EC00FAEB6B /* StanfordCategoriesTVC.m in Sources */ = {isa = PBXBuildFile; fileRef = F5BD198417C7B3EC00FAEB6B /* StanfordCategoriesTVC.m */; };
		F5D8C55817C66F7B000EF438 /* Foundation.framework in Frameworks */ = {isa = PBXBuildFile; fileRef = F5D8C55717C66F7B000EF438 /* Foundation.framework */; };
		F5D8C55A17C66F7B000EF438 /* CoreGraphics.framework in Frameworks */ = {isa = PBXBuildFile; fileRef = F5D8C55917C66F7B000EF438 /* CoreGraphics.framework */; };
		F5D8C55C17C66F7B000EF438 /* UIKit.framework in Frameworks */ = {isa = PBXBuildFile; fileRef = F5D8C55B17C66F7B000EF438 /* UIKit.framework */; };
		F5D8C56217C66F7B000EF438 /* InfoPlist.strings in Resources */ = {isa = PBXBuildFile; fileRef = F5D8C56017C66F7B000EF438 /* InfoPlist.strings */; };
		F5D8C56417C66F7B000EF438 /* main.m in Sources */ = {isa = PBXBuildFile; fileRef = F5D8C56317C66F7B000EF438 /* main.m */; };
		F5D8C56817C66F7B000EF438 /* SPoTAppDelegate.m in Sources */ = {isa = PBXBuildFile; fileRef = F5D8C56717C66F7B000EF438 /* SPoTAppDelegate.m */; };
		F5D8C56B17C66F7B000EF438 /* iPhone.storyboard in Resources */ = {isa = PBXBuildFile; fileRef = F5D8C56917C66F7B000EF438 /* iPhone.storyboard */; };
		F5D8C57017C66F7B000EF438 /* Images.xcassets in Resources */ = {isa = PBXBuildFile; fileRef = F5D8C56F17C66F7B000EF438 /* Images.xcassets */; };
		F5D8C57717C66F7B000EF438 /* XCTest.framework in Frameworks */ = {isa = PBXBuildFile; fileRef = F5D8C57617C66F7B000EF438 /* XCTest.framework */; };
		F5D8C57817C66F7B000EF438 /* Foundation.framework in Frameworks */ = {isa = PBXBuildFile; fileRef = F5D8C55717C66F7B000EF438 /* Foundation.framework */; };
		F5D8C57917C66F7B000EF438 /* UIKit.framework in Frameworks */ = {isa = PBXBuildFile; fileRef = F5D8C55B17C66F7B000EF438 /* UIKit.framework */; };
		F5D8C58117C66F7B000EF438 /* InfoPlist.strings in Resources */ = {isa = PBXBuildFile; fileRef = F5D8C57F17C66F7B000EF438 /* InfoPlist.strings */; };
		F5D8C58317C66F7B000EF438 /* SPoTTests.m in Sources */ = {isa = PBXBuildFile; fileRef = F5D8C58217C66F7B000EF438 /* SPoTTests.m */; };
		F5D8C58E17C66FBA000EF438 /* imageViewController.m in Sources */ = {isa = PBXBuildFile; fileRef = F5D8C58D17C66FBA000EF438 /* imageViewController.m */; };
		F5D8C59117C677DB000EF438 /* FlickrPhotoTVC.m in Sources */ = {isa = PBXBuildFile; fileRef = F5D8C59017C677DB000EF438 /* FlickrPhotoTVC.m */; };
		F5D8C59617C678A8000EF438 /* FlickrFetcher.m in Sources */ = {isa = PBXBuildFile; fileRef = F5D8C59517C678A8000EF438 /* FlickrFetcher.m */; };
		F5D8C59917C67B02000EF438 /* StanfordFlickrPhotoTVC.m in Sources */ = {isa = PBXBuildFile; fileRef = F5D8C59817C67B02000EF438 /* StanfordFlickrPhotoTVC.m */; };
		F5D8C59C17C67EFE000EF438 /* RecentFlickrPhotoTVC.m in Sources */ = {isa = PBXBuildFile; fileRef = F5D8C59B17C67EFE000EF438 /* RecentFlickrPhotoTVC.m */; };
		F5FEBA1A17CD1C0300547302 /* NSDataCache.m in Sources */ = {isa = PBXBuildFile; fileRef = F5FEBA1917CD1C0300547302 /* NSDataCache.m */; };
/* End PBXBuildFile section */

/* Begin PBXContainerItemProxy section */
		F5D8C57A17C66F7B000EF438 /* PBXContainerItemProxy */ = {
			isa = PBXContainerItemProxy;
			containerPortal = F5D8C54C17C66F7B000EF438 /* Project object */;
			proxyType = 1;
			remoteGlobalIDString = F5D8C55317C66F7B000EF438;
			remoteInfo = SPoT;
		};
/* End PBXContainerItemProxy section */

/* Begin PBXFileReference section */
		F572D65417C9BB9700204D7E /* iPad.storyboard */ = {isa = PBXFileReference; fileEncoding = 4; lastKnownFileType = file.storyboard; path = iPad.storyboard; sourceTree = "<group>"; };
		F5BD198317C7B3EC00FAEB6B /* StanfordCategoriesTVC.h */ = {isa = PBXFileReference; fileEncoding = 4; lastKnownFileType = sourcecode.c.h; path = StanfordCategoriesTVC.h; sourceTree = "<group>"; };
		F5BD198417C7B3EC00FAEB6B /* StanfordCategoriesTVC.m */ = {isa = PBXFileReference; fileEncoding = 4; lastKnownFileType = sourcecode.c.objc; path = StanfordCategoriesTVC.m; sourceTree = "<group>"; };
		F5D8C55417C66F7B000EF438 /* SPoT.app */ = {isa = PBXFileReference; explicitFileType = wrapper.application; includeInIndex = 0; path = SPoT.app; sourceTree = BUILT_PRODUCTS_DIR; };
		F5D8C55717C66F7B000EF438 /* Foundation.framework */ = {isa = PBXFileReference; lastKnownFileType = wrapper.framework; name = Foundation.framework; path = System/Library/Frameworks/Foundation.framework; sourceTree = SDKROOT; };
		F5D8C55917C66F7B000EF438 /* CoreGraphics.framework */ = {isa = PBXFileReference; lastKnownFileType = wrapper.framework; name = CoreGraphics.framework; path = System/Library/Frameworks/CoreGraphics.framework; sourceTree = SDKROOT; };
		F5D8C55B17C66F7B000EF438 /* UIKit.framework */ = {isa = PBXFileReference; lastKnownFileType = wrapper.framework; name = UIKit.framework; path = System/Library/Frameworks/UIKit.framework; sourceTree = SDKROOT; };
		F5D8C55F17C66F7B000EF438 /* SPoT-Info.plist */ = {isa = PBXFileReference; lastKnownFileType = text.plist.xml; path = "SPoT-Info.plist"; sourceTree = "<group>"; };
		F5D8C56117C66F7B000EF438 /* en */ = {isa = PBXFileReference; lastKnownFileType = text.plist.strings; name = en; path = en.lproj/InfoPlist.strings; sourceTree = "<group>"; };
		F5D8C56317C66F7B000EF438 /* main.m */ = {isa = PBXFileReference; lastKnownFileType = sourcecode.c.objc; path = main.m; sourceTree = "<group>"; };
		F5D8C56517C66F7B000EF438 /* SPoT-Prefix.pch */ = {isa = PBXFileReference; lastKnownFileType = sourcecode.c.h; path = "SPoT-Prefix.pch"; sourceTree = "<group>"; };
		F5D8C56617C66F7B000EF438 /* SPoTAppDelegate.h */ = {isa = PBXFileReference; lastKnownFileType = sourcecode.c.h; path = SPoTAppDelegate.h; sourceTree = "<group>"; };
		F5D8C56717C66F7B000EF438 /* SPoTAppDelegate.m */ = {isa = PBXFileReference; lastKnownFileType = sourcecode.c.objc; path = SPoTAppDelegate.m; sourceTree = "<group>"; };
		F5D8C56A17C66F7B000EF438 /* Base */ = {isa = PBXFileReference; lastKnownFileType = file.storyboard; name = Base; path = Base.lproj/iPhone.storyboard; sourceTree = "<group>"; };
		F5D8C56F17C66F7B000EF438 /* Images.xcassets */ = {isa = PBXFileReference; lastKnownFileType = folder.assetcatalog; path = Images.xcassets; sourceTree = "<group>"; };
		F5D8C57517C66F7B000EF438 /* SPoTTests.xctest */ = {isa = PBXFileReference; explicitFileType = wrapper.cfbundle; includeInIndex = 0; path = SPoTTests.xctest; sourceTree = BUILT_PRODUCTS_DIR; };
		F5D8C57617C66F7B000EF438 /* XCTest.framework */ = {isa = PBXFileReference; lastKnownFileType = wrapper.framework; name = XCTest.framework; path = Library/Frameworks/XCTest.framework; sourceTree = DEVELOPER_DIR; };
		F5D8C57E17C66F7B000EF438 /* SPoTTests-Info.plist */ = {isa = PBXFileReference; lastKnownFileType = text.plist.xml; path = "SPoTTests-Info.plist"; sourceTree = "<group>"; };
		F5D8C58017C66F7B000EF438 /* en */ = {isa = PBXFileReference; lastKnownFileType = text.plist.strings; name = en; path = en.lproj/InfoPlist.strings; sourceTree = "<group>"; };
		F5D8C58217C66F7B000EF438 /* SPoTTests.m */ = {isa = PBXFileReference; lastKnownFileType = sourcecode.c.objc; path = SPoTTests.m; sourceTree = "<group>"; };
		F5D8C58C17C66FBA000EF438 /* imageViewController.h */ = {isa = PBXFileReference; fileEncoding = 4; lastKnownFileType = sourcecode.c.h; path = imageViewController.h; sourceTree = "<group>"; };
		F5D8C58D17C66FBA000EF438 /* imageViewController.m */ = {isa = PBXFileReference; fileEncoding = 4; lastKnownFileType = sourcecode.c.objc; path = imageViewController.m; sourceTree = "<group>"; };
		F5D8C58F17C677DB000EF438 /* FlickrPhotoTVC.h */ = {isa = PBXFileReference; fileEncoding = 4; lastKnownFileType = sourcecode.c.h; path = FlickrPhotoTVC.h; sourceTree = "<group>"; };
		F5D8C59017C677DB000EF438 /* FlickrPhotoTVC.m */ = {isa = PBXFileReference; fileEncoding = 4; lastKnownFileType = sourcecode.c.objc; path = FlickrPhotoTVC.m; sourceTree = "<group>"; };
		F5D8C59317C678A8000EF438 /* FlickrAPIKey.h */ = {isa = PBXFileReference; fileEncoding = 4; lastKnownFileType = sourcecode.c.h; path = FlickrAPIKey.h; sourceTree = "<group>"; };
		F5D8C59417C678A8000EF438 /* FlickrFetcher.h */ = {isa = PBXFileReference; fileEncoding = 4; lastKnownFileType = sourcecode.c.h; path = FlickrFetcher.h; sourceTree = "<group>"; };
		F5D8C59517C678A8000EF438 /* FlickrFetcher.m */ = {isa = PBXFileReference; fileEncoding = 4; lastKnownFileType = sourcecode.c.objc; path = FlickrFetcher.m; sourceTree = "<group>"; };
		F5D8C59717C67B02000EF438 /* StanfordFlickrPhotoTVC.h */ = {isa = PBXFileReference; fileEncoding = 4; lastKnownFileType = sourcecode.c.h; path = StanfordFlickrPhotoTVC.h; sourceTree = "<group>"; };
		F5D8C59817C67B02000EF438 /* StanfordFlickrPhotoTVC.m */ = {isa = PBXFileReference; fileEncoding = 4; lastKnownFileType = sourcecode.c.objc; path = StanfordFlickrPhotoTVC.m; sourceTree = "<group>"; };
		F5D8C59A17C67EFE000EF438 /* RecentFlickrPhotoTVC.h */ = {isa = PBXFileReference; fileEncoding = 4; lastKnownFileType = sourcecode.c.h; path = RecentFlickrPhotoTVC.h; sourceTree = "<group>"; };
		F5D8C59B17C67EFE000EF438 /* RecentFlickrPhotoTVC.m */ = {isa = PBXFileReference; fileEncoding = 4; lastKnownFileType = sourcecode.c.objc; path = RecentFlickrPhotoTVC.m; sourceTree = "<group>"; };
		F5FEBA1817CD1C0300547302 /* NSDataCache.h */ = {isa = PBXFileReference; fileEncoding = 4; lastKnownFileType = sourcecode.c.h; path = NSDataCache.h; sourceTree = "<group>"; };
		F5FEBA1917CD1C0300547302 /* NSDataCache.m */ = {isa = PBXFileReference; fileEncoding = 4; lastKnownFileType = sourcecode.c.objc; path = NSDataCache.m; sourceTree = "<group>"; };
/* End PBXFileReference section */

/* Begin PBXFrameworksBuildPhase section */
		F5D8C55117C66F7B000EF438 /* Frameworks */ = {
			isa = PBXFrameworksBuildPhase;
			buildActionMask = 2147483647;
			files = (
				F5D8C55A17C66F7B000EF438 /* CoreGraphics.framework in Frameworks */,
				F5D8C55C17C66F7B000EF438 /* UIKit.framework in Frameworks */,
				F5D8C55817C66F7B000EF438 /* Foundation.framework in Frameworks */,
			);
			runOnlyForDeploymentPostprocessing = 0;
		};
		F5D8C57217C66F7B000EF438 /* Frameworks */ = {
			isa = PBXFrameworksBuildPhase;
			buildActionMask = 2147483647;
			files = (
				F5D8C57717C66F7B000EF438 /* XCTest.framework in Frameworks */,
				F5D8C57917C66F7B000EF438 /* UIKit.framework in Frameworks */,
				F5D8C57817C66F7B000EF438 /* Foundation.framework in Frameworks */,
			);
			runOnlyForDeploymentPostprocessing = 0;
		};
/* End PBXFrameworksBuildPhase section */

/* Begin PBXGroup section */
		F5D8C54B17C66F7B000EF438 = {
			isa = PBXGroup;
			children = (
				F5D8C55D17C66F7B000EF438 /* SPoT */,
				F5D8C57C17C66F7B000EF438 /* SPoTTests */,
				F5D8C55617C66F7B000EF438 /* Frameworks */,
				F5D8C55517C66F7B000EF438 /* Products */,
			);
			sourceTree = "<group>";
		};
		F5D8C55517C66F7B000EF438 /* Products */ = {
			isa = PBXGroup;
			children = (
				F5D8C55417C66F7B000EF438 /* SPoT.app */,
				F5D8C57517C66F7B000EF438 /* SPoTTests.xctest */,
			);
			name = Products;
			sourceTree = "<group>";
		};
		F5D8C55617C66F7B000EF438 /* Frameworks */ = {
			isa = PBXGroup;
			children = (
				F5D8C55717C66F7B000EF438 /* Foundation.framework */,
				F5D8C55917C66F7B000EF438 /* CoreGraphics.framework */,
				F5D8C55B17C66F7B000EF438 /* UIKit.framework */,
				F5D8C57617C66F7B000EF438 /* XCTest.framework */,
			);
			name = Frameworks;
			sourceTree = "<group>";
		};
		F5D8C55D17C66F7B000EF438 /* SPoT */ = {
			isa = PBXGroup;
			children = (
				F5D8C56917C66F7B000EF438 /* iPhone.storyboard */,
				F572D65417C9BB9700204D7E /* iPad.storyboard */,
				F5D8C58C17C66FBA000EF438 /* imageViewController.h */,
				F5D8C58D17C66FBA000EF438 /* imageViewController.m */,
				F5D8C58F17C677DB000EF438 /* FlickrPhotoTVC.h */,
				F5D8C59017C677DB000EF438 /* FlickrPhotoTVC.m */,
				F5BD198317C7B3EC00FAEB6B /* StanfordCategoriesTVC.h */,
				F5BD198417C7B3EC00FAEB6B /* StanfordCategoriesTVC.m */,
				F5D8C59717C67B02000EF438 /* StanfordFlickrPhotoTVC.h */,
				F5D8C59817C67B02000EF438 /* StanfordFlickrPhotoTVC.m */,
				F5D8C59A17C67EFE000EF438 /* RecentFlickrPhotoTVC.h */,
				F5D8C59B17C67EFE000EF438 /* RecentFlickrPhotoTVC.m */,
				F5FEBA1817CD1C0300547302 /* NSDataCache.h */,
				F5FEBA1917CD1C0300547302 /* NSDataCache.m */,
				F5D8C59217C678A8000EF438 /* FlickrFetcher */,
				F5D8C56F17C66F7B000EF438 /* Images.xcassets */,
				F5D8C55E17C66F7B000EF438 /* Supporting Files */,
			);
			path = SPoT;
			sourceTree = "<group>";
		};
		F5D8C55E17C66F7B000EF438 /* Supporting Files */ = {
			isa = PBXGroup;
			children = (
				F5D8C56617C66F7B000EF438 /* SPoTAppDelegate.h */,
				F5D8C56717C66F7B000EF438 /* SPoTAppDelegate.m */,
				F5D8C55F17C66F7B000EF438 /* SPoT-Info.plist */,
				F5D8C56017C66F7B000EF438 /* InfoPlist.strings */,
				F5D8C56317C66F7B000EF438 /* main.m */,
				F5D8C56517C66F7B000EF438 /* SPoT-Prefix.pch */,
			);
			name = "Supporting Files";
			sourceTree = "<group>";
		};
		F5D8C57C17C66F7B000EF438 /* SPoTTests */ = {
			isa = PBXGroup;
			children = (
				F5D8C58217C66F7B000EF438 /* SPoTTests.m */,
				F5D8C57D17C66F7B000EF438 /* Supporting Files */,
			);
			path = SPoTTests;
			sourceTree = "<group>";
		};
		F5D8C57D17C66F7B000EF438 /* Supporting Files */ = {
			isa = PBXGroup;
			children = (
				F5D8C57E17C66F7B000EF438 /* SPoTTests-Info.plist */,
				F5D8C57F17C66F7B000EF438 /* InfoPlist.strings */,
			);
			name = "Supporting Files";
			sourceTree = "<group>";
		};
		F5D8C59217C678A8000EF438 /* FlickrFetcher */ = {
			isa = PBXGroup;
			children = (
				F5D8C59317C678A8000EF438 /* FlickrAPIKey.h */,
				F5D8C59417C678A8000EF438 /* FlickrFetcher.h */,
				F5D8C59517C678A8000EF438 /* FlickrFetcher.m */,
			);
			path = FlickrFetcher;
			sourceTree = "<group>";
		};
/* End PBXGroup section */

/* Begin PBXNativeTarget section */
		F5D8C55317C66F7B000EF438 /* SPoT */ = {
			isa = PBXNativeTarget;
			buildConfigurationList = F5D8C58617C66F7B000EF438 /* Build configuration list for PBXNativeTarget "SPoT" */;
			buildPhases = (
				F5D8C55017C66F7B000EF438 /* Sources */,
				F5D8C55117C66F7B000EF438 /* Frameworks */,
				F5D8C55217C66F7B000EF438 /* Resources */,
			);
			buildRules = (
			);
			dependencies = (
			);
			name = SPoT;
			productName = SPoT;
			productReference = F5D8C55417C66F7B000EF438 /* SPoT.app */;
			productType = "com.apple.product-type.application";
		};
		F5D8C57417C66F7B000EF438 /* SPoTTests */ = {
			isa = PBXNativeTarget;
			buildConfigurationList = F5D8C58917C66F7B000EF438 /* Build configuration list for PBXNativeTarget "SPoTTests" */;
			buildPhases = (
				F5D8C57117C66F7B000EF438 /* Sources */,
				F5D8C57217C66F7B000EF438 /* Frameworks */,
				F5D8C57317C66F7B000EF438 /* Resources */,
			);
			buildRules = (
			);
			dependencies = (
				F5D8C57B17C66F7B000EF438 /* PBXTargetDependency */,
			);
			name = SPoTTests;
			productName = SPoTTests;
			productReference = F5D8C57517C66F7B000EF438 /* SPoTTests.xctest */;
			productType = "com.apple.product-type.bundle.unit-test";
		};
/* End PBXNativeTarget section */

/* Begin PBXProject section */
		F5D8C54C17C66F7B000EF438 /* Project object */ = {
			isa = PBXProject;
			attributes = {
				CLASSPREFIX = SPoT;
				LastUpgradeCheck = 0500;
				ORGANIZATIONNAME = "Teddy Wyly";
				TargetAttributes = {
					F5D8C57417C66F7B000EF438 = {
						TestTargetID = F5D8C55317C66F7B000EF438;
					};
				};
			};
			buildConfigurationList = F5D8C54F17C66F7B000EF438 /* Build configuration list for PBXProject "SPoT" */;
			compatibilityVersion = "Xcode 3.2";
			developmentRegion = English;
			hasScannedForEncodings = 0;
			knownRegions = (
				en,
				Base,
			);
			mainGroup = F5D8C54B17C66F7B000EF438;
			productRefGroup = F5D8C55517C66F7B000EF438 /* Products */;
			projectDirPath = "";
			projectRoot = "";
			targets = (
				F5D8C55317C66F7B000EF438 /* SPoT */,
				F5D8C57417C66F7B000EF438 /* SPoTTests */,
			);
		};
/* End PBXProject section */

/* Begin PBXResourcesBuildPhase section */
		F5D8C55217C66F7B000EF438 /* Resources */ = {
			isa = PBXResourcesBuildPhase;
			buildActionMask = 2147483647;
			files = (
				F572D65517C9BB9700204D7E /* iPad.storyboard in Resources */,
				F5D8C57017C66F7B000EF438 /* Images.xcassets in Resources */,
				F5D8C56217C66F7B000EF438 /* InfoPlist.strings in Resources */,
				F5D8C56B17C66F7B000EF438 /* iPhone.storyboard in Resources */,
			);
			runOnlyForDeploymentPostprocessing = 0;
		};
		F5D8C57317C66F7B000EF438 /* Resources */ = {
			isa = PBXResourcesBuildPhase;
			buildActionMask = 2147483647;
			files = (
				F5D8C58117C66F7B000EF438 /* InfoPlist.strings in Resources */,
			);
			runOnlyForDeploymentPostprocessing = 0;
		};
/* End PBXResourcesBuildPhase section */

/* Begin PBXSourcesBuildPhase section */
		F5D8C55017C66F7B000EF438 /* Sources */ = {
			isa = PBXSourcesBuildPhase;
			buildActionMask = 2147483647;
			files = (
				F5D8C59917C67B02000EF438 /* StanfordFlickrPhotoTVC.m in Sources */,
				F5D8C58E17C66FBA000EF438 /* imageViewController.m in Sources */,
				F5D8C59117C677DB000EF438 /* FlickrPhotoTVC.m in Sources */,
				F5D8C59C17C67EFE000EF438 /* RecentFlickrPhotoTVC.m in Sources */,
				F5FEBA1A17CD1C0300547302 /* NSDataCache.m in Sources */,
				F5D8C56817C66F7B000EF438 /* SPoTAppDelegate.m in Sources */,
				F5D8C59617C678A8000EF438 /* FlickrFetcher.m in Sources */,
				F5BD198517C7B3EC00FAEB6B /* StanfordCategoriesTVC.m in Sources */,
				F5D8C56417C66F7B000EF438 /* main.m in Sources */,
			);
			runOnlyForDeploymentPostprocessing = 0;
		};
		F5D8C57117C66F7B000EF438 /* Sources */ = {
			isa = PBXSourcesBuildPhase;
			buildActionMask = 2147483647;
			files = (
				F5D8C58317C66F7B000EF438 /* SPoTTests.m in Sources */,
			);
			runOnlyForDeploymentPostprocessing = 0;
		};
/* End PBXSourcesBuildPhase section */

/* Begin PBXTargetDependency section */
		F5D8C57B17C66F7B000EF438 /* PBXTargetDependency */ = {
			isa = PBXTargetDependency;
			target = F5D8C55317C66F7B000EF438 /* SPoT */;
			targetProxy = F5D8C57A17C66F7B000EF438 /* PBXContainerItemProxy */;
		};
/* End PBXTargetDependency section */

/* Begin PBXVariantGroup section */
		F5D8C56017C66F7B000EF438 /* InfoPlist.strings */ = {
			isa = PBXVariantGroup;
			children = (
				F5D8C56117C66F7B000EF438 /* en */,
			);
			name = InfoPlist.strings;
			sourceTree = "<group>";
		};
		F5D8C56917C66F7B000EF438 /* iPhone.storyboard */ = {
			isa = PBXVariantGroup;
			children = (
				F5D8C56A17C66F7B000EF438 /* Base */,
			);
			name = iPhone.storyboard;
			sourceTree = "<group>";
		};
		F5D8C57F17C66F7B000EF438 /* InfoPlist.strings */ = {
			isa = PBXVariantGroup;
			children = (
				F5D8C58017C66F7B000EF438 /* en */,
			);
			name = InfoPlist.strings;
			sourceTree = "<group>";
		};
/* End PBXVariantGroup section */

/* Begin XCBuildConfiguration section */
		F5D8C58417C66F7B000EF438 /* Debug */ = {
			isa = XCBuildConfiguration;
			buildSettings = {
				ALWAYS_SEARCH_USER_PATHS = NO;
				CLANG_CXX_LANGUAGE_STANDARD = "gnu++0x";
				CLANG_CXX_LIBRARY = "libc++";
				CLANG_ENABLE_MODULES = YES;
				CLANG_ENABLE_OBJC_ARC = YES;
				CLANG_WARN_BOOL_CONVERSION = YES;
				CLANG_WARN_CONSTANT_CONVERSION = YES;
				CLANG_WARN_DIRECT_OBJC_ISA_USAGE = YES_ERROR;
				CLANG_WARN_EMPTY_BODY = YES;
				CLANG_WARN_ENUM_CONVERSION = YES;
				CLANG_WARN_INT_CONVERSION = YES;
				CLANG_WARN_OBJC_ROOT_CLASS = YES_ERROR;
				CLANG_WARN__DUPLICATE_METHOD_MATCH = YES;
				"CODE_SIGN_IDENTITY[sdk=iphoneos*]" = "iPhone Developer";
				COPY_PHASE_STRIP = NO;
				GCC_C_LANGUAGE_STANDARD = gnu99;
				GCC_DYNAMIC_NO_PIC = NO;
				GCC_OPTIMIZATION_LEVEL = 0;
				GCC_PREPROCESSOR_DEFINITIONS = (
					"DEBUG=1",
					"$(inherited)",
				);
				GCC_SYMBOLS_PRIVATE_EXTERN = NO;
				GCC_WARN_ABOUT_RETURN_TYPE = YES_ERROR;
				GCC_WARN_UNDECLARED_SELECTOR = YES;
				GCC_WARN_UNINITIALIZED_AUTOS = YES;
				GCC_WARN_UNUSED_FUNCTION = YES;
				GCC_WARN_UNUSED_VARIABLE = YES;
				IPHONEOS_DEPLOYMENT_TARGET = 7.0;
				ONLY_ACTIVE_ARCH = YES;
				SDKROOT = iphoneos;
			};
			name = Debug;
		};
		F5D8C58517C66F7B000EF438 /* Release */ = {
			isa = XCBuildConfiguration;
			buildSettings = {
				ALWAYS_SEARCH_USER_PATHS = NO;
				CLANG_CXX_LANGUAGE_STANDARD = "gnu++0x";
				CLANG_CXX_LIBRARY = "libc++";
				CLANG_ENABLE_MODULES = YES;
				CLANG_ENABLE_OBJC_ARC = YES;
				CLANG_WARN_BOOL_CONVERSION = YES;
				CLANG_WARN_CONSTANT_CONVERSION = YES;
				CLANG_WARN_DIRECT_OBJC_ISA_USAGE = YES_ERROR;
				CLANG_WARN_EMPTY_BODY = YES;
				CLANG_WARN_ENUM_CONVERSION = YES;
				CLANG_WARN_INT_CONVERSION = YES;
				CLANG_WARN_OBJC_ROOT_CLASS = YES_ERROR;
				CLANG_WARN__DUPLICATE_METHOD_MATCH = YES;
				"CODE_SIGN_IDENTITY[sdk=iphoneos*]" = "iPhone Developer";
				COPY_PHASE_STRIP = YES;
				ENABLE_NS_ASSERTIONS = NO;
				GCC_C_LANGUAGE_STANDARD = gnu99;
				GCC_WARN_ABOUT_RETURN_TYPE = YES_ERROR;
				GCC_WARN_UNDECLARED_SELECTOR = YES;
				GCC_WARN_UNINITIALIZED_AUTOS = YES;
				GCC_WARN_UNUSED_FUNCTION = YES;
				GCC_WARN_UNUSED_VARIABLE = YES;
				IPHONEOS_DEPLOYMENT_TARGET = 7.0;
				SDKROOT = iphoneos;
				VALIDATE_PRODUCT = YES;
			};
			name = Release;
		};
		F5D8C58717C66F7B000EF438 /* Debug */ = {
			isa = XCBuildConfiguration;
			buildSettings = {
				ASSETCATALOG_COMPILER_APPICON_NAME = AppIcon;
				ASSETCATALOG_COMPILER_LAUNCHIMAGE_NAME = LaunchImage;
				GCC_PRECOMPILE_PREFIX_HEADER = YES;
				GCC_PREFIX_HEADER = "SPoT/SPoT-Prefix.pch";
				INFOPLIST_FILE = "SPoT/SPoT-Info.plist";
				IPHONEOS_DEPLOYMENT_TARGET = 7.0;
				PRODUCT_NAME = "$(TARGET_NAME)";
				TARGETED_DEVICE_FAMILY = "1,2";
				WRAPPER_EXTENSION = app;
			};
			name = Debug;
		};
		F5D8C58817C66F7B000EF438 /* Release */ = {
			isa = XCBuildConfiguration;
			buildSettings = {
				ASSETCATALOG_COMPILER_APPICON_NAME = AppIcon;
				ASSETCATALOG_COMPILER_LAUNCHIMAGE_NAME = LaunchImage;
				GCC_PRECOMPILE_PREFIX_HEADER = YES;
				GCC_PREFIX_HEADER = "SPoT/SPoT-Prefix.pch";
				INFOPLIST_FILE = "SPoT/SPoT-Info.plist";
				IPHONEOS_DEPLOYMENT_TARGET = 7.0;
				PRODUCT_NAME = "$(TARGET_NAME)";
				TARGETED_DEVICE_FAMILY = "1,2";
				WRAPPER_EXTENSION = app;
			};
			name = Release;
		};
		F5D8C58A17C66F7B000EF438 /* Debug */ = {
			isa = XCBuildConfiguration;
			buildSettings = {
				BUNDLE_LOADER = "$(BUILT_PRODUCTS_DIR)/SPoT.app/SPoT";
				FRAMEWORK_SEARCH_PATHS = (
					"$(SDKROOT)/Developer/Library/Frameworks",
					"$(inherited)",
					"$(SYSTEM_APPS_DIR)/Xcode5-DP3.app/Contents/Developer/Library/Frameworks",
				);
				GCC_PRECOMPILE_PREFIX_HEADER = YES;
				GCC_PREFIX_HEADER = "SPoT/SPoT-Prefix.pch";
				GCC_PREPROCESSOR_DEFINITIONS = (
					"DEBUG=1",
					"$(inherited)",
				);
				INFOPLIST_FILE = "SPoTTests/SPoTTests-Info.plist";
				PRODUCT_NAME = "$(TARGET_NAME)";
				TEST_HOST = "$(BUNDLE_LOADER)";
				WRAPPER_EXTENSION = xctest;
			};
			name = Debug;
		};
		F5D8C58B17C66F7B000EF438 /* Release */ = {
			isa = XCBuildConfiguration;
			buildSettings = {
				BUNDLE_LOADER = "$(BUILT_PRODUCTS_DIR)/SPoT.app/SPoT";
				FRAMEWORK_SEARCH_PATHS = (
					"$(SDKROOT)/Developer/Library/Frameworks",
					"$(inherited)",
					"$(SYSTEM_APPS_DIR)/Xcode5-DP3.app/Contents/Developer/Library/Frameworks",
				);
				GCC_PRECOMPILE_PREFIX_HEADER = YES;
				GCC_PREFIX_HEADER = "SPoT/SPoT-Prefix.pch";
				INFOPLIST_FILE = "SPoTTests/SPoTTests-Info.plist";
				PRODUCT_NAME = "$(TARGET_NAME)";
				TEST_HOST = "$(BUNDLE_LOADER)";
				WRAPPER_EXTENSION = xctest;
			};
			name = Release;
		};
/* End XCBuildConfiguration section */

/* Begin XCConfigurationList section */
		F5D8C54F17C66F7B000EF438 /* Build configuration list for PBXProject "SPoT" */ = {
			isa = XCConfigurationList;
			buildConfigurations = (
				F5D8C58417C66F7B000EF438 /* Debug */,
				F5D8C58517C66F7B000EF438 /* Release */,
			);
			defaultConfigurationIsVisible = 0;
			defaultConfigurationName = Release;
		};
		F5D8C58617C66F7B000EF438 /* Build configuration list for PBXNativeTarget "SPoT" */ = {
			isa = XCConfigurationList;
			buildConfigurations = (
				F5D8C58717C66F7B000EF438 /* Debug */,
				F5D8C58817C66F7B000EF438 /* Release */,
			);
			defaultConfigurationIsVisible = 0;
			defaultConfigurationName = Release;
		};
		F5D8C58917C66F7B000EF438 /* Build configuration list for PBXNativeTarget "SPoTTests" */ = {
			isa = XCConfigurationList;
			buildConfigurations = (
				F5D8C58A17C66F7B000EF438 /* Debug */,
				F5D8C58B17C66F7B000EF438 /* Release */,
			);
			defaultConfigurationIsVisible = 0;
			defaultConfigurationName = Release;
		};
/* End XCConfigurationList section */
	};
	rootObject = F5D8C54C17C66F7B000EF438 /* Project object */;
}
